// !$*UTF8*$!
{
	archiveVersion = 1;
	classes = {
	};
	objectVersion = 46;
	objects = {

/* Begin PBXBuildFile section */
		6EC263CE1E80421E00397F78 /* main.cpp in Sources */ = {isa = PBXBuildFile; fileRef = 6EC263CD1E80421E00397F78 /* main.cpp */; };
		6EC263D61E82739C00397F78 /* ElementBender.cpp in Sources */ = {isa = PBXBuildFile; fileRef = 6EC263D51E82739C00397F78 /* ElementBender.cpp */; };
		6EC263D91E82816E00397F78 /* WelcomeMessage.cpp in Sources */ = {isa = PBXBuildFile; fileRef = 6EC263D81E82816E00397F78 /* WelcomeMessage.cpp */; };
/* End PBXBuildFile section */

/* Begin PBXCopyFilesBuildPhase section */
		6EC263C81E80421D00397F78 /* CopyFiles */ = {
			isa = PBXCopyFilesBuildPhase;
			buildActionMask = 2147483647;
			dstPath = /usr/share/man/man1/;
			dstSubfolderSpec = 0;
			files = (
			);
			runOnlyForDeploymentPostprocessing = 1;
		};
/* End PBXCopyFilesBuildPhase section */

/* Begin PBXFileReference section */
		6EC263CA1E80421D00397F78 /* ComicBookProject */ = {isa = PBXFileReference; explicitFileType = "compiled.mach-o.executable"; includeInIndex = 0; path = ComicBookProject; sourceTree = BUILT_PRODUCTS_DIR; };
		6EC263CD1E80421E00397F78 /* main.cpp */ = {isa = PBXFileReference; lastKnownFileType = sourcecode.cpp.cpp; path = main.cpp; sourceTree = "<group>"; };
		6EC263D41E8042A900397F78 /* ElementBender.h */ = {isa = PBXFileReference; lastKnownFileType = sourcecode.c.h; path = ElementBender.h; sourceTree = "<group>"; };
		6EC263D51E82739C00397F78 /* ElementBender.cpp */ = {isa = PBXFileReference; fileEncoding = 4; lastKnownFileType = sourcecode.cpp.cpp; path = ElementBender.cpp; sourceTree = "<group>"; };
		6EC263D71E8280DF00397F78 /* WelcomeMessage.h */ = {isa = PBXFileReference; lastKnownFileType = sourcecode.c.h; path = WelcomeMessage.h; sourceTree = "<group>"; };
		6EC263D81E82816E00397F78 /* WelcomeMessage.cpp */ = {isa = PBXFileReference; fileEncoding = 4; lastKnownFileType = sourcecode.cpp.cpp; path = WelcomeMessage.cpp; sourceTree = "<group>"; };
/* End PBXFileReference section */

/* Begin PBXFrameworksBuildPhase section */
		6EC263C71E80421D00397F78 /* Frameworks */ = {
			isa = PBXFrameworksBuildPhase;
			buildActionMask = 2147483647;
			files = (
			);
			runOnlyForDeploymentPostprocessing = 0;
		};
/* End PBXFrameworksBuildPhase section */

/* Begin PBXGroup section */
		6EC263C11E80421D00397F78 = {
			isa = PBXGroup;
			children = (
				6EC263CC1E80421E00397F78 /* ComicBookProject */,
				6EC263CB1E80421D00397F78 /* Products */,
			);
			sourceTree = "<group>";
		};
		6EC263CB1E80421D00397F78 /* Products */ = {
			isa = PBXGroup;
			children = (
				6EC263CA1E80421D00397F78 /* ComicBookProject */,
			);
			name = Products;
			sourceTree = "<group>";
		};
		6EC263CC1E80421E00397F78 /* ComicBookProject */ = {
			isa = PBXGroup;
			children = (
				6EC263CD1E80421E00397F78 /* main.cpp */,
				6EC263D41E8042A900397F78 /* ElementBender.h */,
				6EC263D51E82739C00397F78 /* ElementBender.cpp */,
				6EC263D71E8280DF00397F78 /* WelcomeMessage.h */,
				6EC263D81E82816E00397F78 /* WelcomeMessage.cpp */,
			);
			path = ComicBookProject;
			sourceTree = "<group>";
		};
/* End PBXGroup section */

/* Begin PBXNativeTarget section */
		6EC263C91E80421D00397F78 /* ComicBookProject */ = {
			isa = PBXNativeTarget;
			buildConfigurationList = 6EC263D11E80421E00397F78 /* Build configuration list for PBXNativeTarget "ComicBookProject" */;
			buildPhases = (
				6EC263C61E80421D00397F78 /* Sources */,
				6EC263C71E80421D00397F78 /* Frameworks */,
				6EC263C81E80421D00397F78 /* CopyFiles */,
			);
			buildRules = (
			);
			dependencies = (
			);
			name = ComicBookProject;
			productName = ComicBookProject;
			productReference = 6EC263CA1E80421D00397F78 /* ComicBookProject */;
			productType = "com.apple.product-type.tool";
		};
/* End PBXNativeTarget section */

/* Begin PBXProject section */
		6EC263C21E80421D00397F78 /* Project object */ = {
			isa = PBXProject;
			attributes = {
				LastUpgradeCheck = 0820;
				ORGANIZATIONNAME = "Trevis Jontaé Fields";
				TargetAttributes = {
					6EC263C91E80421D00397F78 = {
						CreatedOnToolsVersion = 8.2.1;
						ProvisioningStyle = Automatic;
					};
				};
			};
			buildConfigurationList = 6EC263C51E80421D00397F78 /* Build configuration list for PBXProject "ComicBookProject" */;
			compatibilityVersion = "Xcode 3.2";
			developmentRegion = English;
			hasScannedForEncodings = 0;
			knownRegions = (
				en,
			);
			mainGroup = 6EC263C11E80421D00397F78;
			productRefGroup = 6EC263CB1E80421D00397F78 /* Products */;
			projectDirPath = "";
			projectRoot = "";
			targets = (
				6EC263C91E80421D00397F78 /* ComicBookProject */,
			);
		};
/* End PBXProject section */

/* Begin PBXSourcesBuildPhase section */
		6EC263C61E80421D00397F78 /* Sources */ = {
			isa = PBXSourcesBuildPhase;
			buildActionMask = 2147483647;
			files = (
				6EC263D61E82739C00397F78 /* ElementBender.cpp in Sources */,
				6EC263D91E82816E00397F78 /* WelcomeMessage.cpp in Sources */,
				6EC263CE1E80421E00397F78 /* main.cpp in Sources */,
			);
			runOnlyForDeploymentPostprocessing = 0;
		};
/* End PBXSourcesBuildPhase section */

/* Begin XCBuildConfiguration section */
		6EC263CF1E80421E00397F78 /* Debug */ = {
			isa = XCBuildConfiguration;
			buildSettings = {
				ALWAYS_SEARCH_USER_PATHS = NO;
				CLANG_ANALYZER_NONNULL = YES;
				CLANG_CXX_LANGUAGE_STANDARD = "gnu++0x";
				CLANG_CXX_LIBRARY = "libc++";
				CLANG_ENABLE_MODULES = YES;
				CLANG_ENABLE_OBJC_ARC = YES;
				CLANG_WARN_BOOL_CONVERSION = YES;
				CLANG_WARN_CONSTANT_CONVERSION = YES;
				CLANG_WARN_DIRECT_OBJC_ISA_USAGE = YES_ERROR;
				CLANG_WARN_DOCUMENTATION_COMMENTS = YES;
				CLANG_WARN_EMPTY_BODY = YES;
				CLANG_WARN_ENUM_CONVERSION = YES;
				CLANG_WARN_INFINITE_RECURSION = YES;
				CLANG_WARN_INT_CONVERSION = YES;
				CLANG_WARN_OBJC_ROOT_CLASS = YES_ERROR;
				CLANG_WARN_SUSPICIOUS_MOVE = YES;
				CLANG_WARN_UNREACHABLE_CODE = YES;
				CLANG_WARN__DUPLICATE_METHOD_MATCH = YES;
				CODE_SIGN_IDENTITY = "-";
				COPY_PHASE_STRIP = NO;
				DEBUG_INFORMATION_FORMAT = dwarf;
				ENABLE_STRICT_OBJC_MSGSEND = YES;
				ENABLE_TESTABILITY = YES;
				GCC_C_LANGUAGE_STANDARD = gnu99;
				GCC_DYNAMIC_NO_PIC = NO;
				GCC_NO_COMMON_BLOCKS = YES;
				GCC_OPTIMIZATION_LEVEL = 0;
				GCC_PREPROCESSOR_DEFINITIONS = (
					"DEBUG=1",
					"$(inherited)",
				);
				GCC_WARN_64_TO_32_BIT_CONVERSION = YES;
				GCC_WARN_ABOUT_RETURN_TYPE = YES_ERROR;
				GCC_WARN_UNDECLARED_SELECTOR = YES;
				GCC_WARN_UNINITIALIZED_AUTOS = YES_AGGRESSIVE;
				GCC_WARN_UNUSED_FUNCTION = YES;
				GCC_WARN_UNUSED_VARIABLE = YES;
				MACOSX_DEPLOYMENT_TARGET = 10.12;
				MTL_ENABLE_DEBUG_INFO = YES;
				ONLY_ACTIVE_ARCH = YES;
				SDKROOT = macosx;
			};
			name = Debug;
		};
		6EC263D01E80421E00397F78 /* Release */ = {
			isa = XCBuildConfiguration;
			buildSettings = {
				ALWAYS_SEARCH_USER_PATHS = NO;
				CLANG_ANALYZER_NONNULL = YES;
				CLANG_CXX_LANGUAGE_STANDARD = "gnu++0x";
				CLANG_CXX_LIBRARY = "libc++";
				CLANG_ENABLE_MODULES = YES;
				CLANG_ENABLE_OBJC_ARC = YES;
				CLANG_WARN_BOOL_CONVERSION = YES;
				CLANG_WARN_CONSTANT_CONVERSION = YES;
				CLANG_WARN_DIRECT_OBJC_ISA_USAGE = YES_ERROR;
				CLANG_WARN_DOCUMENTATION_COMMENTS = YES;
				CLANG_WARN_EMPTY_BODY = YES;
				CLANG_WARN_ENUM_CONVERSION = YES;
				CLANG_WARN_INFINITE_RECURSION = YES;
				CLANG_WARN_INT_CONVERSION = YES;
				CLANG_WARN_OBJC_ROOT_CLASS = YES_ERROR;
				CLANG_WARN_SUSPICIOUS_MOVE = YES;
				CLANG_WARN_UNREACHABLE_CODE = YES;
				CLANG_WARN__DUPLICATE_METHOD_MATCH = YES;
				CODE_SIGN_IDENTITY = "-";
				COPY_PHASE_STRIP = NO;
				DEBUG_INFORMATION_FORMAT = "dwarf-with-dsym";
				ENABLE_NS_ASSERTIONS = NO;
				ENABLE_STRICT_OBJC_MSGSEND = YES;
				GCC_C_LANGUAGE_STANDARD = gnu99;
				GCC_NO_COMMON_BLOCKS = YES;
				GCC_WARN_64_TO_32_BIT_CONVERSION = YES;
				GCC_WARN_ABOUT_RETURN_TYPE = YES_ERROR;
				GCC_WARN_UNDECLARED_SELECTOR = YES;
				GCC_WARN_UNINITIALIZED_AUTOS = YES_AGGRESSIVE;
				GCC_WARN_UNUSED_FUNCTION = YES;
				GCC_WARN_UNUSED_VARIABLE = YES;
				MACOSX_DEPLOYMENT_TARGET = 10.12;
				MTL_ENABLE_DEBUG_INFO = NO;
				SDKROOT = macosx;
			};
			name = Release;
		};
		6EC263D21E80421E00397F78 /* Debug */ = {
			isa = XCBuildConfiguration;
			buildSettings = {
				PRODUCT_NAME = "$(TARGET_NAME)";
			};
			name = Debug;
		};
		6EC263D31E80421E00397F78 /* Release */ = {
			isa = XCBuildConfiguration;
			buildSettings = {
				PRODUCT_NAME = "$(TARGET_NAME)";
			};
			name = Release;
		};
/* End XCBuildConfiguration section */

/* Begin XCConfigurationList section */
		6EC263C51E80421D00397F78 /* Build configuration list for PBXProject "ComicBookProject" */ = {
			isa = XCConfigurationList;
			buildConfigurations = (
				6EC263CF1E80421E00397F78 /* Debug */,
				6EC263D01E80421E00397F78 /* Release */,
			);
			defaultConfigurationIsVisible = 0;
			defaultConfigurationName = Release;
		};
		6EC263D11E80421E00397F78 /* Build configuration list for PBXNativeTarget "ComicBookProject" */ = {
			isa = XCConfigurationList;
			buildConfigurations = (
				6EC263D21E80421E00397F78 /* Debug */,
				6EC263D31E80421E00397F78 /* Release */,
			);
			defaultConfigurationIsVisible = 0;
		};
/* End XCConfigurationList section */
	};
	rootObject = 6EC263C21E80421D00397F78 /* Project object */;
}
